cel.dev/expr v0.22.1 h1:xoFEsNh972Yzey8N9TCPx2nDvMN7TMhQEzxLuj/iRrI=
cel.dev/expr v0.22.1/go.mod h1:MrpN08Q+lEBs+bGYdLxxHkZoUSsCp0nSKTs0nTymJgw=
cloud.google.com/go v0.120.0 h1:wc6bgG9DHyKqF5/vQvX1CiZrtHnxJjBlKUyF9nP6meA=
cloud.google.com/go v0.120.0/go.mod h1:/beW32s8/pGRuj4IILWQNd4uuebeT4dkOhKmkfit64Q=
cloud.google.com/go/auth v0.15.0 h1:Ly0u4aA5vG/fsSsxu98qCQBemXtAtJf+95z9HK+cxps=
cloud.google.com/go/auth v0.15.0/go.mod h1:WJDGqZ1o9E9wKIL+IwStfyn/+s59zl4Bi+1KQNVXLZ8=
cloud.google.com/go/auth/oauth2adapt v0.2.8 h1:keo8NaayQZ6wimpNSmW5OPc283g65QNIiLpZnkHRbnc=
cloud.google.com/go/auth/oauth2adapt v0.2.8/go.mod h1:XQ9y31RkqZCcwJWNSx2Xvric3RrU88hAYYbjDWYDL+c=
cloud.google.com/go/compute/metadata v0.6.0 h1:A6hENjEsCDtC1k8byVsgwvVcioamEHvZ4j01OwKxG9I=
cloud.google.com/go/compute/metadata v0.6.0/go.mod h1:FjyFAW1MW0C203CEOMDTu3Dk1FlqW3Rga40jzHL4hfg=
cloud.google.com/go/firestore v1.18.0 h1:cuydCaLS7Vl2SatAeivXyhbhDEIR8BDmtn4egDhIn2s=
cloud.google.com/go/firestore v1.18.0/go.mod h1:5ye0v48PhseZBdcl0qbl3uttu7FIEwEYVaWm0UIEOEU=
cloud.google.com/go/iam v1.4.2 h1:4AckGYAYsowXeHzsn/LCKWIwSWLkdb0eGjH8wWkd27Q=
cloud.google.com/go/iam v1.4.2/go.mod h1:REGlrt8vSlh4dfCJfSEcNjLGq75wW75c5aU3FLOYq34=
cloud.google.com/go/logging v1.13.0 h1:7j0HgAp0B94o1YRDqiqm26w4q1rDMH7XNRU34lJXHYc=
cloud.google.com/go/logging v1.13.0/go.mod h1:36CoKh6KA/M0PbhPKMq6/qety2DCAErbhXT62TuXALA=
cloud.google.com/go/longrunning v0.6.6 h1:XJNDo5MUfMM05xK3ewpbSdmt7R2Zw+aQEMbdQR65Rbw=
cloud.google.com/go/longrunning v0.6.6/go.mod h1:hyeGJUrPHcx0u2Uu1UFSoYZLn4lkMrccJig0t4FI7yw=
cloud.google.com/go/monitoring v1.24.1 h1:vKiypZVFD/5a3BbQMvI4gZdl8445ITzXFh257XBgrS0=
cloud.google.com/go/monitoring v1.24.1/go.mod h1:Z05d1/vn9NaujqY2voG6pVQXoJGbp+r3laV+LySt9K0=
cloud.google.com/go/storage v1.51.0 h1:ZVZ11zCiD7b3k+cH5lQs/qcNaoSz3U9I0jgwVzqDlCw=
cloud.google.com/go/storage v1.51.0/go.mod h1:YEJfu/Ki3i5oHC/7jyTgsGZwdQ8P9hqMqvpi5kRKGgc=
cloud.google.com/go/trace v1.11.3 h1:c+I4YFjxRQjvAhRmSsmjpASUKq88chOX854ied0K/pE=
cloud.google.com/go/trace v1.11.3/go.mod h1:pt7zCYiDSQjC9Y2oqCsh9jF4GStB/hmjrYLsxRR27q8=
filippo.io/edwards25519 v1.1.0 h1:FNf4tywRC1HmFuKW5xopWpigGjJKiJSV0Cqo0cJWDaA=
filippo.io/edwards25519 v1.1.0/go.mod h1:BxyFTGdWcka3PhytdK4V28tE5sGfRvvvRV7EaN4VDT4=
firebase.google.com/go/v4 v4.15.2 h1:KJtV4rAfO2CVCp40hBfVk+mqUqg7+jQKx7yOgFDnXBg=
firebase.google.com/go/v4 v4.15.2/go.mod h1:qkD/HtSumrPMTLs0ahQrje5gTw2WKFKrzVFoqy4SbKA=
github.com/Azure/azure-sdk-for-go/sdk/azcore v1.17.0 h1:g0EZJwz7xkXQiZAI5xi9f3WWFYBlX1CPTrR+NDToRkQ=
github.com/Azure/azure-sdk-for-go/sdk/azcore v1.17.0/go.mod h1:XCW7KnZet0Opnr7HccfUw1PLc4CjHqpcaxW8DHklNkQ=
github.com/Azure/azure-sdk-for-go/sdk/azidentity v1.7.0 h1:tfLQ34V6F7tVSwoTf/4lH5sE0o6eCJuNDTmH09nDpbc=
github.com/Azure/azure-sdk-for-go/sdk/azidentity v1.7.0/go.mod h1:9kIvujWAA58nmPmWB1m23fyWic1kYZMxD9CxaWn4Qpg=
github.com/Azure/azure-sdk-for-go/sdk/internal v1.10.0 h1:ywEEhmNahHBihViHepv3xPBn1663uRv2t2q/ESv9seY=
github.com/Azure/azure-sdk-for-go/sdk/internal v1.10.0/go.mod h1:iZDifYGJTIgIIkYRNWPENUnqx6bJ2xnSDFI2tjwZNuY=
github.com/AzureAD/microsoft-authentication-library-for-go v1.2.2 h1:XHOnouVk1mxXfQidrMEnLlPk9UMeRtyBTnEFtxkV0kU=
github.com/AzureAD/microsoft-authentication-library-for-go v1.2.2/go.mod h1:wP83P5OoQ5p6ip3ScPr0BAq0BvuPAvacpEuSzyouqAI=
github.com/GoogleCloudPlatform/opentelemetry-operations-go/detectors/gcp v1.27.0 h1:ErKg/3iS1AKcTkf3yixlZ54f9U1rljCkQyEXWUnIUxc=
github.com/GoogleCloudPlatform/opentelemetry-operations-go/detectors/gcp v1.27.0/go.mod h1:yAZHSGnqScoU556rBOVkwLze6WP5N+U11RHuWaGVxwY=
github.com/GoogleCloudPlatform/opentelemetry-operations-go/exporter/metric v0.51.0 h1:fYE9p3esPxA/C0rQ0AHhP0drtPXDRhaWiwg1DPqO7IU=
github.com/GoogleCloudPlatform/opentelemetry-operations-go/exporter/metric v0.51.0/go.mod h1:BnBReJLvVYx2CS/UHOgVz2BXKXD9wsQPxZug20nZhd0=
github.com/GoogleCloudPlatform/opentelemetry-operations-go/internal/cloudmock v0.51.0 h1:OqVGm6Ei3x5+yZmSJG1Mh2NwHvpVmZ08CB5qJhT9Nuk=
github.com/GoogleCloudPlatform/opentelemetry-operations-go/internal/cloudmock v0.51.0/go.mod h1:SZiPHWGOOk3bl8tkevxkoiwPgsIl6CwrWcbwjfHZpdM=
github.com/GoogleCloudPlatform/opentelemetry-operations-go/internal/resourcemapping v0.51.0 h1:6/0iUd0xrnX7qt+mLNRwg5c0PGv8wpE8K90ryANQwMI=
github.com/GoogleCloudPlatform/opentelemetry-operations-go/internal/resourcemapping v0.51.0/go.mod h1:otE2jQekW/PqXk1Awf5lmfokJx4uwuqcj1ab5SpGeW0=
github.com/Masterminds/semver v1.5.0 h1:H65muMkzWKEuNDnfl9d70GUjFniHKHRbFPGBuZ3QEww=
github.com/Masterminds/semver v1.5.0/go.mod h1:MB6lktGJrhw8PrUyiEoblNEGEQ+RzHPF078ddwwvV3Y=
github.com/MicahParks/keyfunc v1.9.0 h1:lhKd5xrFHLNOWrDc4Tyb/Q1AJ4LCzQ48GVJyVIID3+o=
github.com/MicahParks/keyfunc v1.9.0/go.mod h1:IdnCilugA0O/99dW+/MkvlyrsX8+L8+x95xuVNtM5jw=
github.com/Shopify/gomail v0.0.0-20220729171026-0784ece65e69 h1:gPoXdwo3sKq8qcfMu/Nc/wkJMLKwe7kaG9Uo8tOj3cU=
github.com/Shopify/gomail v0.0.0-20220729171026-0784ece65e69/go.mod h1:RS+Gaowa0M+gCuiFAiRMGBCMqxLrNA7TESTU/Wbblm8=
github.com/anthropics/anthropic-sdk-go v0.2.0-beta.3 h1:b5t1ZJMvV/l99y4jbz7kRFdUp3BSDkI8EhSlHczivtw=
github.com/anthropics/anthropic-sdk-go v0.2.0-beta.3/go.mod h1:AapDW22irxK2PSumZiQXYUFvsdQgkwIWlpESweWZI/c=
github.com/antlr4-go/antlr/v4 v4.13.1 h1:SqQKkuVZ+zWkMMNkjy5FZe5mr5WURWnlpmOuzYWrPrQ=
github.com/antlr4-go/antlr/v4 v4.13.1/go.mod h1:GKmUxMtwp6ZgGwZSva4eWPC5mS6vUAmOABFgjdkM7Nw=
github.com/appleboy/go-fcm v1.2.3 h1:8AgRNl5z1RVg7HH+8kblolf+5LA9xxRBKo8MsVbOxak=
github.com/appleboy/go-fcm v1.2.3/go.mod h1:BtQ+uqFC3wtAOPOeN+g+MKy9DBEe/rSyywRCH/r62bg=
github.com/aws/aws-sdk-go-v2 v1.36.3 h1:mJoei2CxPutQVxaATCzDUjcZEjVRdpsiiXi2o38yqWM=
github.com/aws/aws-sdk-go-v2 v1.36.3/go.mod h1:LLXuLpgzEbD766Z5ECcRmi8AzSwfZItDtmABVkRLGzg=
github.com/aws/aws-sdk-go-v2/aws/protocol/eventstream v1.6.10 h1:zAybnyUQXIZ5mok5Jqwlf58/TFE7uvd3IAsa1aF9cXs=
github.com/aws/aws-sdk-go-v2/aws/protocol/eventstream v1.6.10/go.mod h1:qqvMj6gHLR/EXWZw4ZbqlPbQUyenf4h82UQUlKc+l14=
github.com/aws/aws-sdk-go-v2/config v1.29.12 h1:Y/2a+jLPrPbHpFkpAAYkVEtJmxORlXoo5k2g1fa2sUo=
github.com/aws/aws-sdk-go-v2/config v1.29.12/go.mod h1:xse1YTjmORlb/6fhkWi8qJh3cvZi4JoVNhc+NbJt4kI=
github.com/aws/aws-sdk-go-v2/credentials v1.17.65 h1:q+nV2yYegofO/SUXruT+pn4KxkxmaQ++1B/QedcKBFM=
github.com/aws/aws-sdk-go-v2/credentials v1.17.65/go.mod h1:4zyjAuGOdikpNYiSGpsGz8hLGmUzlY8pc8r9QQ/RXYQ=
github.com/aws/aws-sdk-go-v2/feature/dynamodb/attributevalue v1.18.8 h1:hGcg4DGGO+kolelCoOfuS7DGdySfx1vDe6QQsuuYKRU=
github.com/aws/aws-sdk-go-v2/feature/dynamodb/attributevalue v1.18.8/go.mod h1:fpFbG/4VQvI/DXpY5tG+CEtRZ2DDfi6krAI4sUj8aFE=
github.com/aws/aws-sdk-go-v2/feature/ec2/imds v1.16.30 h1:x793wxmUWVDhshP8WW2mlnXuFrO4cOd3HLBroh1paFw=
github.com/aws/aws-sdk-go-v2/feature/ec2/imds v1.16.30/go.mod h1:Jpne2tDnYiFascUEs2AWHJL9Yp7A5ZVy3TNyxaAjD6M=
github.com/aws/aws-sdk-go-v2/internal/configsources v1.3.34 h1:ZK5jHhnrioRkUNOc+hOgQKlUL5JeC3S6JgLxtQ+Rm0Q=
github.com/aws/aws-sdk-go-v2/internal/configsources v1.3.34/go.mod h1:p4VfIceZokChbA9FzMbRGz5OV+lekcVtHlPKEO0gSZY=
github.com/aws/aws-sdk-go-v2/internal/endpoints/v2 v2.6.34 h1:SZwFm17ZUNNg5Np0ioo/gq8Mn6u9w19Mri8DnJ15Jf0=
github.com/aws/aws-sdk-go-v2/internal/endpoints/v2 v2.6.34/go.mod h1:dFZsC0BLo346mvKQLWmoJxT+Sjp+qcVR1tRVHQGOH9Q=
github.com/aws/aws-sdk-go-v2/internal/ini v1.8.3 h1:bIqFDwgGXXN1Kpp99pDOdKMTTb5d2KyU5X/BZxjOkRo=
github.com/aws/aws-sdk-go-v2/internal/ini v1.8.3/go.mod h1:H5O/EsxDWyU+LP/V8i5sm8cxoZgc2fdNR9bxlOFrQTo=
github.com/aws/aws-sdk-go-v2/internal/v4a v1.3.34 h1:ZNTqv4nIdE/DiBfUUfXcLZ/Spcuz+RjeziUtNJackkM=
github.com/aws/aws-sdk-go-v2/internal/v4a v1.3.34/go.mod h1:zf7Vcd1ViW7cPqYWEHLHJkS50X0JS2IKz9Cgaj6ugrs=
github.com/aws/aws-sdk-go-v2/service/cloudwatch v1.44.1 h1:ac0UBlcUK+tFcFiAuNbtKqUEtM+iyQgmffEhUACGwD0=
github.com/aws/aws-sdk-go-v2/service/cloudwatch v1.44.1/go.mod h1:HJlcOk+S/wjJuR/8jPa8GhnEKdKqqiQ5wjsE1PjuO1o=
github.com/aws/aws-sdk-go-v2/service/dynamodb v1.42.0 h1:EJXx6zb+lOe/Do2bO0d0dwVnIRGoP5J5xZ0BTn3LbqM=
github.com/aws/aws-sdk-go-v2/service/dynamodb v1.42.0/go.mod h1:yYaWRnVSPyAmexW5t7G3TcuYoalYfT+xQwzWsvtUQ7M=
github.com/aws/aws-sdk-go-v2/service/dynamodbstreams v1.25.1 h1:ZJfy2cSyoAOl7maGfRI4/J+cy00AczaYwVCow+bsc4k=
github.com/aws/aws-sdk-go-v2/service/dynamodbstreams v1.25.1/go.mod h1:lUqWdw5/esjPTkITXhN4C66o1ltwDq2qQ12j3SOzhVg=
github.com/aws/aws-sdk-go-v2/service/internal/accept-encoding v1.12.3 h1:eAh2A4b5IzM/lum78bZ590jy36+d/aFLgKF/4Vd1xPE=
github.com/aws/aws-sdk-go-v2/service/internal/accept-encoding v1.12.3/go.mod h1:0yKJC/kb8sAnmlYa6Zs3QVYqaC8ug2AbnNChv5Ox3uA=
github.com/aws/aws-sdk-go-v2/service/internal/checksum v1.7.0 h1:lguz0bmOoGzozP9XfRJR1QIayEYo+2vP/No3OfLF0pU=
github.com/aws/aws-sdk-go-v2/service/internal/checksum v1.7.0/go.mod h1:iu6FSzgt+M2/x3Dk8zhycdIcHjEFb36IS8HVUVFoMg0=
github.com/aws/aws-sdk-go-v2/service/internal/endpoint-discovery v1.10.15 h1:M1R1rud7HzDrfCdlBQ7NjnRsDNEhXO/vGhuD189Ggmk=
github.com/aws/aws-sdk-go-v2/service/internal/endpoint-discovery v1.10.15/go.mod h1:uvFKBSq9yMPV4LGAi7N4awn4tLY+hKE35f8THes2mzQ=
github.com/aws/aws-sdk-go-v2/service/internal/presigned-url v1.12.15 h1:dM9/92u2F1JbDaGooxTq18wmmFzbJRfXfVfy96/1CXM=
github.com/aws/aws-sdk-go-v2/service/internal/presigned-url v1.12.15/go.mod h1:SwFBy2vjtA0vZbjjaFtfN045boopadnoVPhu4Fv66vY=
github.com/aws/aws-sdk-go-v2/service/internal/s3shared v1.18.15 h1:moLQUoVq91LiqT1nbvzDukyqAlCv89ZmwaHw/ZFlFZg=
github.com/aws/aws-sdk-go-v2/service/internal/s3shared v1.18.15/go.mod h1:ZH34PJUc8ApjBIfgQCFvkWcUDBtl/WTD+uiYHjd8igA=
github.com/aws/aws-sdk-go-v2/service/s3 v1.78.2 h1:jIiopHEV22b4yQP2q36Y0OmwLbsxNWdWwfZRR5QRRO4=
github.com/aws/aws-sdk-go-v2/service/s3 v1.78.2/go.mod h1:U5SNqwhXB3Xe6F47kXvWihPl/ilGaEDe8HD/50Z9wxc=
github.com/aws/aws-sdk-go-v2/service/sso v1.25.2 h1:pdgODsAhGo4dvzC3JAG5Ce0PX8kWXrTZGx+jxADD+5E=
github.com/aws/aws-sdk-go-v2/service/sso v1.25.2/go.mod h1:qs4a9T5EMLl/Cajiw2TcbNt2UNo/Hqlyp+GiuG4CFDI=
github.com/aws/aws-sdk-go-v2/service/ssooidc v1.30.0 h1:90uX0veLKcdHVfvxhkWUQSCi5VabtwMLFutYiRke4oo=
github.com/aws/aws-sdk-go-v2/service/ssooidc v1.30.0/go.mod h1:MlYRNmYu/fGPoxBQVvBYr9nyr948aY/WLUvwBMBJubs=
github.com/aws/aws-sdk-go-v2/service/sts v1.33.17 h1:PZV5W8yk4OtH1JAuhV2PXwwO9v5G5Aoj+eMCn4T+1Kc=
github.com/aws/aws-sdk-go-v2/service/sts v1.33.17/go.mod h1:cQnB8CUnxbMU82JvlqjKR2HBOm3fe9pWorWBza6MBJ4=
github.com/aws/smithy-go v1.22.3 h1:Z//5NuZCSW6R4PhQ93hShNbyBbn8BWCmCVCt+Q8Io5k=
github.com/aws/smithy-go v1.22.3/go.mod h1:t1ufH5HMublsJYulve2RKmHDC15xu1f26kHCp/HgceI=
github.com/blevesearch/segment v0.9.1 h1:+dThDy+Lvgj5JMxhmOVlgFfkUtZV2kw49xax4+jTfSU=
github.com/blevesearch/segment v0.9.1/go.mod h1:zN21iLm7+GnBHWTao9I+Au/7MBiL8pPFtJBJTsk6kQw=
github.com/buger/jsonparser v1.1.1 h1:2PnMjfWD7wBILjqQbt530v576A/cAbQvEW9gGIpYMUs=
github.com/buger/jsonparser v1.1.1/go.mod h1:6RYKKt7H4d4+iWqouImQ9R2FZql3VbhNgx27UK13J/0=
github.com/cespare/xxhash/v2 v2.3.0 h1:UL815xU9SqsFlibzuggzjXhog7bL6oX9BbNZnL2UFvs=
github.com/cespare/xxhash/v2 v2.3.0/go.mod h1:VGX0DQ3Q6kWi7AoAeZDth3/j3BFtOZR5XLFGgcrjCOs=
github.com/cncf/xds/go v0.0.0-20250326154945-ae57f3c0d45f h1:C5bqEmzEPLsHm9Mv73lSE9e9bKV23aB1vxOsmZrkl3k=
github.com/cncf/xds/go v0.0.0-20250326154945-ae57f3c0d45f/go.mod h1:W+zGtBO5Y1IgJhy4+A9GOqVhqLpfZi+vwmdNXUehLA8=
github.com/davecgh/go-spew v1.1.0/go.mod h1:J7Y8YcW2NihsgmVo/mv3lAwl/skON4iLHjSsI+c5H38=
github.com/davecgh/go-spew v1.1.1 h1:vj9j/u1bqnvCEfJOwUhtlOARqs3+rkHYY13jYWTU97c=
github.com/davecgh/go-spew v1.1.1/go.mod h1:J7Y8YcW2NihsgmVo/mv3lAwl/skON4iLHjSsI+c5H38=
github.com/elastic/elastic-transport-go/v8 v8.6.1 h1:h2jQRqH6eLGiBSN4eZbQnJLtL4bC5b4lfVFRjw2R4e4=
github.com/elastic/elastic-transport-go/v8 v8.6.1/go.mod h1:YLHer5cj0csTzNFXoNQ8qhtGY1GTvSqPnKWKaqQE3Hk=
github.com/elastic/go-elasticsearch/v8 v8.17.1 h1:bOXChDoCMB4TIwwGqKd031U8OXssmWLT3UrAr9EGs3Q=
github.com/elastic/go-elasticsearch/v8 v8.17.1/go.mod h1:MVJCtL+gJJ7x5jFeUmA20O7rvipX8GcQmo5iBcmaJn4=
github.com/envoyproxy/go-control-plane v0.13.4 h1:zEqyPVyku6IvWCFwux4x9RxkLOMUL+1vC9xUFv5l2/M=
github.com/envoyproxy/go-control-plane v0.13.4/go.mod h1:kDfuBlDVsSj2MjrLEtRWtHlsWIFcGyB2RMO44Dc5GZA=
github.com/envoyproxy/go-control-plane/envoy v1.32.4 h1:jb83lalDRZSpPWW2Z7Mck/8kXZ5CQAFYVjQcdVIr83A=
github.com/envoyproxy/go-control-plane/envoy v1.32.4/go.mod h1:Gzjc5k8JcJswLjAx1Zm+wSYE20UrLtt7JZMWiWQXQEw=
github.com/envoyproxy/go-control-plane/ratelimit v0.1.0 h1:/G9QYbddjL25KvtKTv3an9lx6VBE2cnb8wp1vEGNYGI=
github.com/envoyproxy/go-control-plane/ratelimit v0.1.0/go.mod h1:Wk+tMFAFbCXaJPzVVHnPgRKdUdwW/KdbRt94AzgRee4=
github.com/envoyproxy/protoc-gen-validate v1.2.1 h1:DEo3O99U8j4hBFwbJfrz9VtgcDfUKS7KJ7spH3d86P8=
github.com/envoyproxy/protoc-gen-validate v1.2.1/go.mod h1:d/C80l/jxXLdfEIhX1W2TmLfsJ31lvEjwamM4DxlWXU=
github.com/fatih/structs v1.1.0 h1:Q7juDM0QtcnhCpeyLGQKyg4TOIghuNXrkL32pHAUMxo=
github.com/fatih/structs v1.1.0/go.mod h1:9NiDSp5zOcgEDl+j00MP/WkGVPOlPRLejGD8Ga6PJ7M=
github.com/felixge/httpsnoop v1.0.4 h1:NFTV2Zj1bL4mc9sqWACXbQFVBBg2W3GPvqp8/ESS2Wg=
github.com/felixge/httpsnoop v1.0.4/go.mod h1:m8KPJKqk1gH5J9DgRY2ASl2lWCfGKXixSwevea8zH2U=
github.com/gabriel-vasile/mimetype v1.4.8 h1:FfZ3gj38NjllZIeJAmMhr+qKL8Wu+nOoI3GqacKw1NM=
github.com/gabriel-vasile/mimetype v1.4.8/go.mod h1:ByKUIKGjh1ODkGM1asKUbQZOLGrPjydw3hYPU2YU9t8=
github.com/getsentry/sentry-go v0.31.1 h1:ELVc0h7gwyhnXHDouXkhqTFSO5oslsRDk0++eyE0KJ4=
github.com/getsentry/sentry-go v0.31.1/go.mod h1:CYNcMMz73YigoHljQRG+qPF+eMq8gG72XcGN/p71BAY=
github.com/go-chi/chi/v5 v5.2.1 h1:KOIHODQj58PmL80G2Eak4WdvUzjSJSm0vG72crDCqb8=
github.com/go-chi/chi/v5 v5.2.1/go.mod h1:L2yAIGWB3H+phAw1NxKwWM+7eUH/lU8pOMm5hHcoops=
github.com/go-errors/errors v1.4.2 h1:J6MZopCL4uSllY1OfXM374weqZFFItUbrImctkmUxIA=
github.com/go-errors/errors v1.4.2/go.mod h1:sIVyrIiJhuEF+Pj9Ebtd6P/rEYROXFi3BopGUQ5a5Og=
github.com/go-logr/logr v1.2.2/go.mod h1:jdQByPbusPIv2/zmleS9BjJVeZ6kBagPoEUsqbVz/1A=
github.com/go-logr/logr v1.4.2 h1:6pFjapn8bFcIbiKo3XT4j/BhANplGihG6tvd+8rYgrY=
github.com/go-logr/logr v1.4.2/go.mod h1:9T104GzyrTigFIr8wt5mBrctHMim0Nb2HLGrmQ40KvY=
github.com/go-logr/stdr v1.2.2 h1:hSWxHoqTgW2S2qGc0LTAI563KZ5YKYRhT3MFKZMbjag=
github.com/go-logr/stdr v1.2.2/go.mod h1:mMo/vtBO5dYbehREoey6XUKy/eSumjCCveDpRre4VKE=
github.com/go-playground/assert/v2 v2.2.0 h1:JvknZsQTYeFEAhQwI4qEt9cyV5ONwRHC+lYKSsYSR8s=
github.com/go-playground/assert/v2 v2.2.0/go.mod h1:VDjEfimB/XKnb+ZQfWdccd7VUvScMdVu0Titje2rxJ4=
github.com/go-playground/locales v0.14.1 h1:EWaQ/wswjilfKLTECiXz7Rh+3BjFhfDFKv/oXslEjJA=
github.com/go-playground/locales v0.14.1/go.mod h1:hxrqLVvrK65+Rwrd5Fc6F2O76J/NuW9t0sjnWqG1slY=
github.com/go-playground/universal-translator v0.18.1 h1:Bcnm0ZwsGyWbCzImXv+pAJnYK9S473LQFuzCbDbfSFY=
github.com/go-playground/universal-translator v0.18.1/go.mod h1:xekY+UJKNuX9WP91TpwSH2VMlDf28Uj24BCp08ZFTUY=
github.com/go-playground/validator/v10 v10.26.0 h1:SP05Nqhjcvz81uJaRfEV0YBSSSGMc/iMaVtFbr3Sw2k=
github.com/go-playground/validator/v10 v10.26.0/go.mod h1:I5QpIEbmr8On7W0TktmJAumgzX4CA1XNl4ZmDuVHKKo=
github.com/go-sql-driver/mysql v1.8.1 h1:LedoTUt/eveggdHS9qUFC1EFSa8bU2+1pZjSRpvNJ1Y=
github.com/go-sql-driver/mysql v1.8.1/go.mod h1:wEBSXgmK//2ZFJyE+qWnIsVGmvmEKlqwuVSjsCm7DZg=
github.com/golang-jwt/jwt v3.2.2+incompatible h1:IfV12K8xAKAnZqdXVzCZ+TOjboZ2keLg81eXfW3O+oY=
github.com/golang-jwt/jwt v3.2.2+incompatible/go.mod h1:8pz2t5EyA70fFQQSrl6XZXzqecmYZeUEB8OUGHkxJ+I=
github.com/golang-jwt/jwt/v4 v4.4.2/go.mod h1:m21LjoU+eqJr34lmDMbreY2eSTRJ1cv77w39/MY0Ch0=
github.com/golang-jwt/jwt/v4 v4.5.2 h1:YtQM7lnr8iZ+j5q71MGKkNw9Mn7AjHM68uc9g5fXeUI=
github.com/golang-jwt/jwt/v4 v4.5.2/go.mod h1:m21LjoU+eqJr34lmDMbreY2eSTRJ1cv77w39/MY0Ch0=
github.com/golang-jwt/jwt/v5 v5.2.1 h1:OuVbFODueb089Lh128TAcimifWaLhJwVflnrgM17wHk=
github.com/golang-jwt/jwt/v5 v5.2.1/go.mod h1:pqrtFR0X4osieyHYxtmOUWsAWrfe1Q5UVIyoH402zdk=
github.com/golang/protobuf v1.5.0/go.mod h1:FsONVRAS9T7sI+LIUmWTfcYkHO4aIWwzhcaSAoJOfIk=
github.com/golang/protobuf v1.5.4 h1:i7eJL8qZTpSEXOPTxNKhASYpMn+8e5Q6AdndVa1dWek=
github.com/golang/protobuf v1.5.4/go.mod h1:lnTiLA8Wa4RWRcIUkrtSVa5nRhsEGBg48fD6rSs7xps=
github.com/gomodule/redigo v1.9.2 h1:HrutZBLhSIU8abiSfW8pj8mPhOyMYjZT/wcA4/L9L9s=
github.com/gomodule/redigo v1.9.2/go.mod h1:KsU3hiK/Ay8U42qpaJk+kuNa3C+spxapWpM+ywhcgtw=
github.com/google/go-cmp v0.5.5/go.mod h1:v8dTdLbMG2kIc/vJvl+f65V22dbkXbowE6jgT/gNBxE=
github.com/google/go-cmp v0.7.0 h1:wk8382ETsv4JYUZwIsn6YpYiWiBsYLSJiTsyBybVuN8=
github.com/google/go-cmp v0.7.0/go.mod h1:pXiqmnSA92OHEEa9HXL2W4E7lf9JzCmGVUdgjX3N/iU=
github.com/google/martian/v3 v3.3.3 h1:DIhPTQrbPkgs2yJYdXU/eNACCG5DVQjySNRNlflZ9Fc=
github.com/google/martian/v3 v3.3.3/go.mod h1:iEPrYcgCF7jA9OtScMFQyAlZZ4YXTKEtJ1E6RWzmBA0=
github.com/google/s2a-go v0.1.9 h1:LGD7gtMgezd8a/Xak7mEWL0PjoTQFvpRudN895yqKW0=
github.com/google/s2a-go v0.1.9/go.mod h1:YA0Ei2ZQL3acow2O62kdp9UlnvMmU7kA6Eutn0dXayM=
github.com/google/uuid v1.6.0 h1:NIvaJDMOsjHA8n1jAhLSgzrAzy1Hgr+hNrb57e+94F0=
github.com/google/uuid v1.6.0/go.mod h1:TIyPZe4MgqvfeYDBFedMoGGpEw/LqOeaOT+nhxU+yHo=
github.com/googleapis/enterprise-certificate-proxy v0.3.6 h1:GW/XbdyBFQ8Qe+YAmFU9uHLo7OnF5tL52HFAgMmyrf4=
github.com/googleapis/enterprise-certificate-proxy v0.3.6/go.mod h1:MkHOF77EYAE7qfSuSS9PU6g4Nt4e11cnsDUowfwewLA=
github.com/googleapis/gax-go/v2 v2.14.1 h1:hb0FFeiPaQskmvakKu5EbCbpntQn48jyHuvrkurSS/Q=
github.com/googleapis/gax-go/v2 v2.14.1/go.mod h1:Hb/NubMaVM88SrNkvl8X/o8XWwDJEPqouaLeN2IUxoA=
github.com/gorilla/schema v1.4.1 h1:jUg5hUjCSDZpNGLuXQOgIWGdlgrIdYvgQ0wZtdK1M3E=
github.com/gorilla/schema v1.4.1/go.mod h1:Dg5SSm5PV60mhF2NFaTV1xuYYj8tV8NOPRo4FggUMnM=
github.com/gorilla/websocket v1.5.3 h1:saDtZ6Pbx/0u+bgYQ3q96pZgCzfhKXGPqt7kZ72aNNg=
github.com/gorilla/websocket v1.5.3/go.mod h1:YR8l580nyteQvAITg2hZ9XVh4b55+EU/adAjf1fMHhE=
github.com/jmoiron/sqlx v1.4.0 h1:1PLqN7S1UYp5t4SrVVnt4nUVNemrDAtxlulVe+Qgm3o=
github.com/jmoiron/sqlx v1.4.0/go.mod h1:ZrZ7UsYB/weZdl2Bxg6jCRO9c3YHl8r3ahlKmRT4JLY=
github.com/kr/pretty v0.1.0/go.mod h1:dAy3ld7l9f0ibDNOQOHHMYYIIbhfbHSm3C4ZsoJORNo=
github.com/kr/pretty v0.3.1 h1:flRD4NNwYAUpkphVc1HcthR4KEIFJ65n8Mw5qdRn3LE=
github.com/kr/pretty v0.3.1/go.mod h1:hoEshYVHaxMs3cyo3Yncou5ZscifuDolrwPKZanG3xk=
github.com/kr/pty v1.1.1/go.mod h1:pFQYn66WHrOpPYNljwOMqo10TkYh1fy3cYio2l3bCsQ=
github.com/kr/text v0.1.0/go.mod h1:4Jbv+DJW3UT/LiOwJeYQe1efqtUx/iVham/4vfdArNI=
github.com/kr/text v0.2.0 h1:5Nx0Ya0ZqY2ygV366QzturHI13Jq95ApcVaJBhpS+AY=
github.com/kr/text v0.2.0/go.mod h1:eLer722TekiGuMkidMxC/pM04lWEeraHUUmBw8l2grE=
github.com/kylelemons/godebug v1.1.0 h1:RPNrshWIDI6G2gRW9EHilWtl7Z6Sb1BR0xunSBf0SNc=
github.com/kylelemons/godebug v1.1.0/go.mod h1:9/0rRGxNHcop5bhtWyNeEfOS8JIWk580+fNqagV/RAw=
github.com/leodido/go-urn v1.4.0 h1:WT9HwE9SGECu3lg4d/dIA+jxlljEa1/ffXKmRjqdmIQ=
github.com/leodido/go-urn v1.4.0/go.mod h1:bvxc+MVxLKB4z00jd1z+Dvzr47oO32F/QSNjSBOlFxI=
github.com/lib/pq v1.10.9 h1:YXG7RB+JIjhP29X+OtkiDnYaXQwpS4JEWq7dtCCRUEw=
github.com/lib/pq v1.10.9/go.mod h1:AlVN5x4E4T544tWzH6hKfbfQvm3HdbOxrmggDNAPY9o=
github.com/mattn/go-sqlite3 v1.14.22 h1:2gZY6PC6kBnID23Tichd1K+Z0oS6nE/XwU+Vz/5o4kU=
github.com/mattn/go-sqlite3 v1.14.22/go.mod h1:Uh1q+B4BYcTPb+yiD3kU8Ct7aC0hY9fxUwlHK0RXw+Y=
github.com/munnerz/goautoneg v0.0.0-20191010083416-a7dc8b61c822 h1:C3w9PqII01/Oq1c1nUAm88MOHcQC9l5mIlSMApZMrHA=
github.com/munnerz/goautoneg v0.0.0-20191010083416-a7dc8b61c822/go.mod h1:+n7T8mK8HuQTcFwEeznm/DIxMOiR9yIdICNftLE1DvQ=
github.com/naoina/go-stringutil v0.1.0 h1:rCUeRUHjBjGTSHl0VC00jUPLz8/F9dDzYI70Hzifhks=
github.com/naoina/go-stringutil v0.1.0/go.mod h1:XJ2SJL9jCtBh+P9q5btrd/Ylo8XwT/h1USek5+NqSA0=
github.com/naoina/toml v0.1.1 h1:PT/lllxVVN0gzzSqSlHEmP8MJB4MY2U7STGxiouV4X8=
github.com/naoina/toml v0.1.1/go.mod h1:NBIhNtsFMo3G2szEBne+bO4gS192HuIYRqfvOWb4i1E=
github.com/nyaruka/ezconf v0.3.0 h1:kGvJqVN8AHowb4HdaHAviJ0Z3yI5Pyekp1WqibFEaGk=
github.com/nyaruka/ezconf v0.3.0/go.mod h1:89GUW6EPRNLIxT7lC4LWnjWTgZeQwRoX7lBmc8ralAU=
github.com/nyaruka/gocommon v1.61.1 h1:qulMx0jHDWoDagCJbVs7CMLZA33jfa5kYutlXR66pHM=
github.com/nyaruka/gocommon v1.61.1/go.mod h1:HcwpCzwt8XK7SxmGHYRF1R9viOAvlU7VtXTGuEmJx/8=
github.com/nyaruka/goflow v0.234.3 h1:xDKUosmb2MW1VJJAmxSlsRtr0ZRJvlTn7gts4gkuXsY=
github.com/nyaruka/goflow v0.234.3/go.mod h1:m0bwl9WfJhBQHeabOGnWoyy6n5GXaoU27iE7X3hDkeg=
github.com/nyaruka/null/v2 v2.0.3 h1:rdmMRQyVzrOF3Jff/gpU/7BDR9mQX0lcLl4yImsA3kw=
github.com/nyaruka/null/v2 v2.0.3/go.mod h1:OCVeCkCXwrg5/qE6RU0c1oUVZBy+ZDrT+xYg1XSaIWA=
github.com/nyaruka/null/v3 v3.0.0 h1:JvOiNuKmRBFHxzZFt4sWii+ewmMkCQ1vO7X0clTNn6E=
github.com/nyaruka/null/v3 v3.0.0/go.mod h1:Sus286RmC8P0VihFuQDDQPib/xJQ7++TsaPLdRuwgVc=
github.com/nyaruka/phonenumbers v1.6.0 h1:r9ax45fFg+YLUs2X4bNXm5RAxWl00hYjFgNlv32vtHk=
github.com/nyaruka/phonenumbers v1.6.0/go.mod h1:7gjs+Lchqm49adhAKB5cdcng5ZXgt6x7Jgvi0ZorUtU=
github.com/nyaruka/redisx v0.9.0 h1:JeXHExKldp39XTOHYPyt/8VXQA770O6DZmsJrJDUOnQ=
github.com/nyaruka/redisx v0.9.0/go.mod h1:HN+l71YfLNaE+3V52NyxGxfF3LZVsPBN72M8FcNpLAk=
github.com/nyaruka/rp-indexer/v10 v10.1.1 h1:UBqxw6Mj8/CzWR3MTG5Pu4Q3UIvoTWA+B473DICteNE=
github.com/nyaruka/rp-indexer/v10 v10.1.1/go.mod h1:yFX61YkVe2dy8QjcEU8AZtx6/3Qeo65A1kDTTu5PEIw=
github.com/openai/openai-go v0.1.0-beta.2 h1:Ra5nCFkbEl9w+UJwAciC4kqnIBUCcJazhmMA0/YN894=
github.com/openai/openai-go v0.1.0-beta.2/go.mod h1:g461MYGXEXBVdV5SaR/5tNzNbSfwTBBefwc+LlDCK0Y=
github.com/patrickmn/go-cache v2.1.0+incompatible h1:HRMgzkcYKYpi3C8ajMPV8OFXaaRUnok+kx1WdO15EQc=
github.com/patrickmn/go-cache v2.1.0+incompatible/go.mod h1:3Qf8kWWT7OJRJbdiICTKqZju1ZixQ/KpMGzzAfe6+WQ=
github.com/pingcap/errors v0.11.4 h1:lFuQV/oaUMGcD2tqt+01ROSmJs75VG1ToEOkZIZ4nE4=
github.com/pingcap/errors v0.11.4/go.mod h1:Oi8TUi2kEtXXLMJk9l1cGmz20kV3TaQ0usTwv5KuLY8=
github.com/pkg/browser v0.0.0-20240102092130-5ac0b6a4141c h1:+mdjkGKdHQG3305AYmdv1U2eRNDiU2ErMBj1gwrq8eQ=
github.com/pkg/browser v0.0.0-20240102092130-5ac0b6a4141c/go.mod h1:7rwL4CYBLnjLxUqIJNnCWiEdr3bn6IUYi15bNlnbCCU=
github.com/pkg/errors v0.9.1 h1:FEBLx1zS214owpjy7qsBeixbURkuhQAwrK5UwLGTwt4=
github.com/pkg/errors v0.9.1/go.mod h1:bwawxfHBFNV+L2hUp1rHADufV3IMtnDRdf1r5NINEl0=
github.com/planetscale/vtprotobuf v0.6.1-0.20240319094008-0393e58bdf10 h1:GFCKgmp0tecUJ0sJuv4pzYCqS9+RGSn52M3FUwPs+uo=
github.com/planetscale/vtprotobuf v0.6.1-0.20240319094008-0393e58bdf10/go.mod h1:t/avpk3KcrXxUnYOhZhMXJlSEyie6gQbtLq5NM3loB8=
github.com/pmezard/go-difflib v1.0.0 h1:4DBwDE0NGyQoBHbLQYPwSUPoCMWR5BEzIk/f1lZbAQM=
github.com/pmezard/go-difflib v1.0.0/go.mod h1:iKH77koFhYxTK1pcRnkKkqfTogsbg7gZNVY4sRDYZ/4=
github.com/prometheus/client_model v0.6.1 h1:ZKSh/rekM+n3CeS952MLRAdFwIKqeY8b62p8ais2e9E=
github.com/prometheus/client_model v0.6.1/go.mod h1:OrxVMOVHjw3lKMa8+x6HeMGkHMQyHDk9E3jmP2AmGiY=
github.com/prometheus/common v0.63.0 h1:YR/EIY1o3mEFP/kZCD7iDMnLPlGyuU2Gb3HIcXnA98k=
github.com/prometheus/common v0.63.0/go.mod h1:VVFF/fBIoToEnWRVkYoXEkq3R3paCoxG9PXP74SnV18=
github.com/rogpeppe/go-internal v1.13.1 h1:KvO1DLK/DRN07sQ1LQKScxyZJuNnedQ5/wKSR38lUII=
github.com/rogpeppe/go-internal v1.13.1/go.mod h1:uMEvuHeurkdAXX61udpOXGD/AzZDWNMNyH2VO9fmH0o=
github.com/samber/lo v1.49.1 h1:4BIFyVfuQSEpluc7Fua+j1NolZHiEHEpaSEKdsH0tew=
github.com/samber/lo v1.49.1/go.mod h1:dO6KHFzUKXgP8LDhU0oI8d2hekjXnGOu0DB8Jecxd6o=
github.com/samber/slog-common v0.18.1 h1:c0EipD/nVY9HG5shgm/XAs67mgpWDMF+MmtptdJNCkQ=
github.com/samber/slog-common v0.18.1/go.mod h1:QNZiNGKakvrfbJ2YglQXLCZauzkI9xZBjOhWFKS3IKk=
github.com/samber/slog-multi v1.4.0 h1:pwlPMIE7PrbTHQyKWDU+RIoxP1+HKTNOujk3/kdkbdg=
github.com/samber/slog-multi v1.4.0/go.mod h1:FsQ4Uv2L+E/8TZt+/BVgYZ1LoDWCbfCU21wVIoMMrO8=
github.com/samber/slog-sentry/v2 v2.9.3 h1:2/PZa78BFe0FuW/wm6Q3kBcd1phb1dBFHsCWZ4wX8Ko=
github.com/samber/slog-sentry/v2 v2.9.3/go.mod h1:HGQRgN11HkZqSw/X493Zr65yIRx9ZpjZ2T5v2Dx/REc=
github.com/sergi/go-diff v1.3.1 h1:xkr+Oxo4BOQKmkn/B9eMK0g5Kg/983T9DqqPHwYqD+8=
github.com/sergi/go-diff v1.3.1/go.mod h1:aMJSSKb2lpPvRNec0+w3fl7LP9IOFzdc9Pa4NFbPK1I=
github.com/shopspring/decimal v1.4.0 h1:bxl37RwXBklmTi0C79JfXCEBD1cqqHt0bbgBAGFp81k=
github.com/shopspring/decimal v1.4.0/go.mod h1:gawqmDU56v4yIKSwfBSFip1HdCCXN8/+DMd9qYNcwME=
github.com/stretchr/objx v0.1.0/go.mod h1:HFkY916IF+rwdDfMAkV7OtwuqBVzrE8GR6GFx+wExME=
github.com/stretchr/testify v1.4.0/go.mod h1:j7eGeouHqKxXV5pUuKE4zz7dFj8WfuZ+81PSLYec5m4=
github.com/stretchr/testify v1.10.0 h1:Xv5erBjTwe/5IxqUQTdXv5kgmIvbHo3QQyRwhJsOfJA=
github.com/stretchr/testify v1.10.0/go.mod h1:r2ic/lqez/lEtzL7wO/rwa5dbSLXVDPFyf8C91i36aY=
github.com/tidwall/gjson v1.14.2/go.mod h1:/wbyibRr2FHMks5tjHJ5F8dMZh3AcwJEMf5vlfC0lxk=
github.com/tidwall/gjson v1.14.4 h1:uo0p8EbA09J7RQaflQ1aBRffTR7xedD2bcIVSYxLnkM=
github.com/tidwall/gjson v1.14.4/go.mod h1:/wbyibRr2FHMks5tjHJ5F8dMZh3AcwJEMf5vlfC0lxk=
github.com/tidwall/match v1.1.1 h1:+Ho715JplO36QYgwN9PGYNhgZvoUSc9X2c80KVTi+GA=
github.com/tidwall/match v1.1.1/go.mod h1:eRSPERbgtNPcGhD8UCthc6PmLEQXEWd3PRB5JTxsfmM=
github.com/tidwall/pretty v1.2.0/go.mod h1:ITEVvHYasfjBbM0u2Pg8T2nJnzm8xPwvNhhsoaGGjNU=
github.com/tidwall/pretty v1.2.1 h1:qjsOFOWWQl+N3RsoF5/ssm1pHmJJwhjlSbZ51I6wMl4=
github.com/tidwall/pretty v1.2.1/go.mod h1:ITEVvHYasfjBbM0u2Pg8T2nJnzm8xPwvNhhsoaGGjNU=
github.com/tidwall/sjson v1.2.5 h1:kLy8mja+1c9jlljvWTlSazM7cKDRfJuR/bOJhcY5NcY=
github.com/tidwall/sjson v1.2.5/go.mod h1:Fvgq9kS/6ociJEDnK0Fk1cpYF4FIW6ZF7LAe+6jwd28=
github.com/yuin/goldmark v1.4.13/go.mod h1:6yULJ656Px+3vBD8DxQVa3kxgyrAnzto9xy5taEt/CY=
go.opentelemetry.io/auto/sdk v1.1.0 h1:cH53jehLUN6UFLY71z+NDOiNJqDdPRaXzTel0sJySYA=
go.opentelemetry.io/auto/sdk v1.1.0/go.mod h1:3wSPjt5PWp2RhlCcmmOial7AvC4DQqZb7a7wCow3W8A=
go.opentelemetry.io/contrib/detectors/gcp v1.35.0 h1:bGvFt68+KTiAKFlacHW6AhA56GF2rS0bdD3aJYEnmzA=
go.opentelemetry.io/contrib/detectors/gcp v1.35.0/go.mod h1:qGWP8/+ILwMRIUf9uIVLloR1uo5ZYAslM4O6OqUi1DA=
go.opentelemetry.io/contrib/instrumentation/google.golang.org/grpc/otelgrpc v0.60.0 h1:x7wzEgXfnzJcHDwStJT+mxOz4etr2EcexjqhBvmoakw=
go.opentelemetry.io/contrib/instrumentation/google.golang.org/grpc/otelgrpc v0.60.0/go.mod h1:rg+RlpR5dKwaS95IyyZqj5Wd4E13lk/msnTS0Xl9lJM=
go.opentelemetry.io/contrib/instrumentation/net/http/otelhttp v0.60.0 h1:sbiXRNDSWJOTobXh5HyQKjq6wUC5tNybqjIqDpAY4CU=
go.opentelemetry.io/contrib/instrumentation/net/http/otelhttp v0.60.0/go.mod h1:69uWxva0WgAA/4bu2Yy70SLDBwZXuQ6PbBpbsa5iZrQ=
go.opentelemetry.io/otel v1.35.0 h1:xKWKPxrxB6OtMCbmMY021CqC45J+3Onta9MqjhnusiQ=
go.opentelemetry.io/otel v1.35.0/go.mod h1:UEqy8Zp11hpkUrL73gSlELM0DupHoiq72dR+Zqel/+Y=
go.opentelemetry.io/otel/exporters/stdout/stdoutmetric v1.29.0 h1:WDdP9acbMYjbKIyJUhTvtzj601sVJOqgWdUxSdR/Ysc=
go.opentelemetry.io/otel/exporters/stdout/stdoutmetric v1.29.0/go.mod h1:BLbf7zbNIONBLPwvFnwNHGj4zge8uTCM/UPIVW1Mq2I=
go.opentelemetry.io/otel/metric v1.35.0 h1:0znxYu2SNyuMSQT4Y9WDWej0VpcsxkuklLa4/siN90M=
go.opentelemetry.io/otel/metric v1.35.0/go.mod h1:nKVFgxBZ2fReX6IlyW28MgZojkoAkJGaE8CpgeAU3oE=
go.opentelemetry.io/otel/sdk v1.35.0 h1:iPctf8iprVySXSKJffSS79eOjl9pvxV9ZqOWT0QejKY=
go.opentelemetry.io/otel/sdk v1.35.0/go.mod h1:+ga1bZliga3DxJ3CQGg3updiaAJoNECOgJREo9KHGQg=
go.opentelemetry.io/otel/sdk/metric v1.35.0 h1:1RriWBmCKgkeHEhM7a2uMjMUfP7MsOF5JpUCaEqEI9o=
go.opentelemetry.io/otel/sdk/metric v1.35.0/go.mod h1:is6XYCUMpcKi+ZsOvfluY5YstFnhW0BidkR+gL+qN+w=
go.opentelemetry.io/otel/trace v1.35.0 h1:dPpEfJu1sDIqruz7BHFG3c7528f6ddfSWfFDVt/xgMs=
go.opentelemetry.io/otel/trace v1.35.0/go.mod h1:WUk7DtFp1Aw2MkvqGdwiXYDZZNvA/1J8o6xRXLrIkyc=
go.uber.org/goleak v1.3.0 h1:2K3zAYmnTNqV73imy9J1T3WC+gmCePx2hEGkimedGto=
go.uber.org/goleak v1.3.0/go.mod h1:CoHD4mav9JJNrW/WLlf7HGZPjdw8EucARQHekz1X6bE=
golang.org/x/crypto v0.0.0-20190308221718-c2843e01d9a2/go.mod h1:djNgcEr1/C05ACkg1iLfiJU5Ep61QUkGW8qpdssI0+w=
golang.org/x/crypto v0.0.0-20210921155107-089bfa567519/go.mod h1:GvvjBRRGRdwPK5ydBHafDWAxML/pGHZbMvKqRZ5+Abc=
golang.org/x/crypto v0.36.0 h1:AnAEvhDddvBdpY+uR+MyHmuZzzNqXSe/GvuDeob5L34=
golang.org/x/crypto v0.36.0/go.mod h1:Y4J0ReaxCR1IMaabaSMugxJES1EpwhBHhv2bDHklZvc=
golang.org/x/exp v0.0.0-20250305212735-054e65f0b394 h1:nDVHiLt8aIbd/VzvPWN6kSOPE7+F/fNFDSXLVYkE/Iw=
golang.org/x/exp v0.0.0-20250305212735-054e65f0b394/go.mod h1:sIifuuw/Yco/y6yb6+bDNfyeQ/MdPUy/hKEMYQV17cM=
golang.org/x/mod v0.6.0-dev.0.20220419223038-86c51ed26bb4/go.mod h1:jJ57K6gSWd91VN4djpZkiMVwK6gcyfeH4XE8wZrZaV4=
golang.org/x/net v0.0.0-20190620200207-3b0461eec859/go.mod h1:z5CRVTTTmAJ677TzLLGU+0bjPO0LkuOLi4/5GtJWs/s=
golang.org/x/net v0.0.0-20210226172049-e18ecbb05110/go.mod h1:m0MpNAwzfU5UDzcl9v0D8zg8gWTRqZa9RBIspLL5mdg=
golang.org/x/net v0.0.0-20220722155237-a158d28d115b/go.mod h1:XRhObCWvk6IyKnWLug+ECip1KBveYUHfp+8e9klMJ9c=
golang.org/x/net v0.38.0 h1:vRMAPTMaeGqVhG5QyLJHqNDwecKTomGeqbnfZyKlBI8=
golang.org/x/net v0.38.0/go.mod h1:ivrbrMbzFq5J41QOQh0siUuly180yBYtLp+CKbEaFx8=
golang.org/x/oauth2 v0.28.0 h1:CrgCKl8PPAVtLnU3c+EDw6x11699EWlsDeWNWKdIOkc=
golang.org/x/oauth2 v0.28.0/go.mod h1:onh5ek6nERTohokkhCD/y2cV4Do3fxFHFuAejCkRWT8=
golang.org/x/sync v0.0.0-20190423024810-112230192c58/go.mod h1:RxMgew5VJxzue5/jJTE5uejpjVlOe/izrB70Jof72aM=
golang.org/x/sync v0.0.0-20220722155255-886fb9371eb4/go.mod h1:RxMgew5VJxzue5/jJTE5uejpjVlOe/izrB70Jof72aM=
golang.org/x/sync v0.12.0 h1:MHc5BpPuC30uJk597Ri8TV3CNZcTLu6B6z4lJy+g6Jw=
golang.org/x/sync v0.12.0/go.mod h1:1dzgHSNfp02xaA81J2MS99Qcpr2w7fw1gpm99rleRqA=
golang.org/x/sys v0.0.0-20190215142949-d0b11bdaac8a/go.mod h1:STP8DvDyc/dI5b8T5hshtkjS+E42TnysNCUPdjciGhY=
golang.org/x/sys v0.0.0-20201119102817-f84b799fce68/go.mod h1:h1NjWce9XRLGQEsW7wpKNCjG9DtNlClVuFLEZdDNbEs=
golang.org/x/sys v0.0.0-20210615035016-665e8c7367d1/go.mod h1:oPkhp1MJrh7nUepCBck5+mAzfO9JrbApNNgaTdGDITg=
golang.org/x/sys v0.0.0-20220520151302-bc2c85ada10a/go.mod h1:oPkhp1MJrh7nUepCBck5+mAzfO9JrbApNNgaTdGDITg=
golang.org/x/sys v0.0.0-20220722155257-8c9f86f7a55f/go.mod h1:oPkhp1MJrh7nUepCBck5+mAzfO9JrbApNNgaTdGDITg=
golang.org/x/sys v0.31.0 h1:ioabZlmFYtWhL+TRYpcnNlLwhyxaM9kWTDEmfnprqik=
golang.org/x/sys v0.31.0/go.mod h1:BJP2sWEmIv4KK5OTEluFJCKSidICx8ciO85XgH3Ak8k=
golang.org/x/term v0.0.0-20201126162022-7de9c90e9dd1/go.mod h1:bj7SfCRtBDWHUb9snDiAeCFNEtKQo2Wmx5Cou7ajbmo=
golang.org/x/term v0.0.0-20210927222741-03fcf44c2211/go.mod h1:jbD1KX2456YbFQfuXm/mYQcufACuNUgVhRMnK/tPxf8=
golang.org/x/text v0.3.0/go.mod h1:NqM8EUOU14njkJ3fqMW+pc6Ldnwhi/IjpwHt7yyuwOQ=
golang.org/x/text v0.3.3/go.mod h1:5Zoc/QRtKVWzQhOtBMvqHzDpF6irO9z98xDceosuGiQ=
golang.org/x/text v0.3.7/go.mod h1:u+2+/6zg+i71rQMx5EYifcz6MCKuco9NR6JIITiCfzQ=
golang.org/x/text v0.3.8/go.mod h1:E6s5w1FMmriuDzIBO73fBruAKo1PCIq6d2Q6DHfQ8WQ=
golang.org/x/text v0.23.0 h1:D71I7dUrlY+VX0gQShAThNGHFxZ13dGLBHQLVl1mJlY=
golang.org/x/text v0.23.0/go.mod h1:/BLNzu4aZCJ1+kcD0DNRotWKage4q2rGVAg4o22unh4=
golang.org/x/time v0.11.0 h1:/bpjEDfN9tkoN/ryeYHnv5hcMlc8ncjMcM4XBk5NWV0=
golang.org/x/time v0.11.0/go.mod h1:CDIdPxbZBQxdj6cxyCIdrNogrJKMJ7pr37NYpMcMDSg=
golang.org/x/tools v0.0.0-20180917221912-90fa682c2a6e/go.mod h1:n7NCudcB/nEzxVGmLbDWY5pfWTLqBcC2KZ6jyYvM4mQ=
golang.org/x/tools v0.0.0-20191119224855-298f0cb1881e/go.mod h1:b+2E5dAYhXwXZwtnZ6UAqBI28+e2cm9otk0dWdXHAEo=
golang.org/x/tools v0.1.12/go.mod h1:hNGJHUnrk76NpqgfD5Aqm5Crs+Hm0VOH/i9J2+nxYbc=
golang.org/x/xerrors v0.0.0-20190717185122-a985d3407aa7/go.mod h1:I/5z698sn9Ka8TeJc9MKroUUfqBBauWjQqLJ2OPfmY0=
golang.org/x/xerrors v0.0.0-20191204190536-9bdfabe68543/go.mod h1:I/5z698sn9Ka8TeJc9MKroUUfqBBauWjQqLJ2OPfmY0=
google.golang.org/api v0.228.0 h1:X2DJ/uoWGnY5obVjewbp8icSL5U4FzuCfy9OjbLSnLs=
google.golang.org/api v0.228.0/go.mod h1:wNvRS1Pbe8r4+IfBIniV8fwCpGwTrYa+kMUDiC5z5a4=
google.golang.org/appengine/v2 v2.0.6 h1:LvPZLGuchSBslPBp+LAhihBeGSiRh1myRoYK4NtuBIw=
google.golang.org/appengine/v2 v2.0.6/go.mod h1:WoEXGoXNfa0mLvaH5sV3ZSGXwVmy8yf7Z1JKf3J3wLI=
google.golang.org/genproto v0.0.0-20250324211829-b45e905df463 h1:qEFnJI6AnfZk0NNe8YTyXQh5i//Zxi4gBHwRgp76qpw=
google.golang.org/genproto v0.0.0-20250324211829-b45e905df463/go.mod h1:SqIx1NV9hcvqdLHo7uNZDS5lrUJybQ3evo3+z/WBfA0=
google.golang.org/genproto/googleapis/api v0.0.0-20250324211829-b45e905df463 h1:hE3bRWtU6uceqlh4fhrSnUyjKHMKB9KrTLLG+bc0ddM=
google.golang.org/genproto/googleapis/api v0.0.0-20250324211829-b45e905df463/go.mod h1:U90ffi8eUL9MwPcrJylN5+Mk2v3vuPDptd5yyNUiRR8=
google.golang.org/genproto/googleapis/rpc v0.0.0-20250324211829-b45e905df463 h1:e0AIkUUhxyBKh6ssZNrAMeqhA7RKUj42346d1y02i2g=
google.golang.org/genproto/googleapis/rpc v0.0.0-20250324211829-b45e905df463/go.mod h1:qQ0YXyHHx3XkvlzUtpXDkS29lDSafHMZBAZDc03LQ3A=
google.golang.org/grpc v1.71.0 h1:kF77BGdPTQ4/JZWMlb9VpJ5pa25aqvVqogsxNHHdeBg=
google.golang.org/grpc v1.71.0/go.mod h1:H0GRtasmQOh9LkFoCPDu3ZrwUtD1YGE+b2vYBYd/8Ec=
google.golang.org/protobuf v1.26.0-rc.1/go.mod h1:jlhhOSvTdKEhbULTjvd4ARK9grFBp09yW+WbY/TyQbw=
google.golang.org/protobuf v1.30.0/go.mod h1:HV8QOd/L58Z+nl8r43ehVNZIU/HEI6OcFqwMG9pJV4I=
google.golang.org/protobuf v1.36.6 h1:z1NpPI8ku2WgiWnf+t9wTPsn6eP1L7ksHUlkfLvd9xY=
google.golang.org/protobuf v1.36.6/go.mod h1:jduwjTPXsFjZGTmRluh+L6NjiWu7pchiJ2/5YcXBHnY=
gopkg.in/alexcesaro/quotedprintable.v3 v3.0.0-20150716171945-2caba252f4dc h1:2gGKlE2+asNV9m7xrywl36YYNnBG5ZQ0r/BOOxqPpmk=
gopkg.in/alexcesaro/quotedprintable.v3 v3.0.0-20150716171945-2caba252f4dc/go.mod h1:m7x9LTH6d71AHyAX77c9yqWCCa3UKHcVEj9y7hAtKDk=
gopkg.in/check.v1 v0.0.0-20161208181325-20d25e280405/go.mod h1:Co6ibVJAznAaIkqp8huTwlJQCZ016jof/cbN4VW5Yz0=
gopkg.in/check.v1 v1.0.0-20190902080502-41f04d3bba15/go.mod h1:Co6ibVJAznAaIkqp8huTwlJQCZ016jof/cbN4VW5Yz0=
gopkg.in/check.v1 v1.0.0-20201130134442-10cb98267c6c h1:Hei/4ADfdWqJk1ZMxUNpqntNwaWcugrBjAiHlqqRiVk=
gopkg.in/check.v1 v1.0.0-20201130134442-10cb98267c6c/go.mod h1:JHkPIbrfpd72SG/EVd6muEfDQjcINNoR0C8j2r3qZ4Q=
gopkg.in/mail.v2 v2.3.1 h1:WYFn/oANrAGP2C0dcV6/pbkPzv8yGzqTjPmTeO7qoXk=
gopkg.in/mail.v2 v2.3.1/go.mod h1:htwXN1Qh09vZJ1NVKxQqHPBaCBbzKhp5GzuJEA4VJWw=
gopkg.in/yaml.v2 v2.2.2/go.mod h1:hI93XBmqTisBFMUTm0b8Fm+jr3Dg1NNxqwp+5A1VGuI=
gopkg.in/yaml.v2 v2.4.0/go.mod h1:RDklbk79AGWmwhnvt/jBztapEOGDOx6ZbXqjP6csGnQ=
gopkg.in/yaml.v3 v3.0.1 h1:fxVm/GzAzEWqLHuvctI91KS9hhNmmWOoWu0XTYJS7CA=
gopkg.in/yaml.v3 v3.0.1/go.mod h1:K4uyk7z7BCEPqu6E+C64Yfv1cQ7kz7rIZviUmN+EgEM=
